
Microsoft Visual Studio Solution File, Format Version 12.00
# Visual Studio Version 16
VisualStudioVersion = 16.0.30011.22
MinimumVisualStudioVersion = 10.0.40219.1
Project("{8BC9CEB8-8B4A-11D0-8D11-00A0C91BC942}") = "Shapes", "Shapes\Shapes.vcxproj", "{34EB21DD-5116-4BAB-9886-B2599035919A}"
EndProject
Project("{8BC9CEB8-8B4A-11D0-8D11-00A0C91BC942}") = "ShapesTest", "ShapesTest\ShapesTest.vcxproj", "{1CE84264-2CC1-4E70-A8DD-B539CDFCC11B}"
EndProject
Global
	GlobalSection(SolutionConfigurationPlatforms) = preSolution
		Debug|x64 = Debug|x64
		Debug|x86 = Debug|x86
		Release|x64 = Release|x64
		Release|x86 = Release|x86
	EndGlobalSection
	GlobalSection(ProjectConfigurationPlatforms) = postSolution
		{34EB21DD-5116-4BAB-9886-B2599035919A}.Debug|x64.ActiveCfg = Debug|x64
		{34EB21DD-5116-4BAB-9886-B2599035919A}.Debug|x64.Build.0 = Debug|x64
		{34EB21DD-5116-4BAB-9886-B2599035919A}.Debug|x86.ActiveCfg = Debug|Win32
		{34EB21DD-5116-4BAB-9886-B2599035919A}.Debug|x86.Build.0 = Debug|Win32
		{34EB21DD-5116-4BAB-9886-B2599035919A}.Release|x64.ActiveCfg = Release|x64
		{34EB21DD-5116-4BAB-9886-B2599035919A}.Release|x64.Build.0 = Release|x64
		{34EB21DD-5116-4BAB-9886-B2599035919A}.Release|x86.ActiveCfg = Release|Win32
		{34EB21DD-5116-4BAB-9886-B2599035919A}.Release|x86.Build.0 = Release|Win32
		{1CE84264-2CC1-4E70-A8DD-B539CDFCC11B}.Debug|x64.ActiveCfg = Debug|x64
		{1CE84264-2CC1-4E70-A8DD-B539CDFCC11B}.Debug|x64.Build.0 = Debug|x64
		{1CE84264-2CC1-4E70-A8DD-B539CDFCC11B}.Debug|x86.ActiveCfg = Debug|Win32
		{1CE84264-2CC1-4E70-A8DD-B539CDFCC11B}.Debug|x86.Build.0 = Debug|Win32
		{1CE84264-2CC1-4E70-A8DD-B539CDFCC11B}.Release|x64.ActiveCfg = Release|x64
		{1CE84264-2CC1-4E70-A8DD-B539CDFCC11B}.Release|x64.Build.0 = Release|x64
		{1CE84264-2CC1-4E70-A8DD-B539CDFCC11B}.Release|x86.ActiveCfg = Release|Win32
		{1CE84264-2CC1-4E70-A8DD-B539CDFCC11B}.Release|x86.Build.0 = Release|Win32
	EndGlobalSection
	GlobalSection(SolutionProperties) = preSolution
		HideSolutionNode = FALSE
	EndGlobalSection
	GlobalSection(ExtensibilityGlobals) = postSolution
		SolutionGuid = {9565A5DA-7649-42AC-A04A-61ECE64D70E9}
	EndGlobalSection
EndGlobal
