
Microsoft Visual Studio Solution File, Format Version 12.00
# Visual Studio Version 16
VisualStudioVersion = 16.0.30104.148
MinimumVisualStudioVersion = 10.0.40219.1
Project("{8BC9CEB8-8B4A-11D0-8D11-00A0C91BC942}") = "MyList", "MyList\MyList.vcxproj", "{03789A91-8D76-4E63-A6B5-074D60FEDA4A}"
EndProject
Project("{8BC9CEB8-8B4A-11D0-8D11-00A0C91BC942}") = "MyListTest", "MyListTest\MyListTest.vcxproj", "{2C70F974-9AFB-4B70-8A90-56B55F4F11C0}"
EndProject
Global
	GlobalSection(SolutionConfigurationPlatforms) = preSolution
		Debug|x64 = Debug|x64
		Debug|x86 = Debug|x86
		Release|x64 = Release|x64
		Release|x86 = Release|x86
	EndGlobalSection
	GlobalSection(ProjectConfigurationPlatforms) = postSolution
		{03789A91-8D76-4E63-A6B5-074D60FEDA4A}.Debug|x64.ActiveCfg = Debug|x64
		{03789A91-8D76-4E63-A6B5-074D60FEDA4A}.Debug|x64.Build.0 = Debug|x64
		{03789A91-8D76-4E63-A6B5-074D60FEDA4A}.Debug|x86.ActiveCfg = Debug|Win32
		{03789A91-8D76-4E63-A6B5-074D60FEDA4A}.Debug|x86.Build.0 = Debug|Win32
		{03789A91-8D76-4E63-A6B5-074D60FEDA4A}.Release|x64.ActiveCfg = Release|x64
		{03789A91-8D76-4E63-A6B5-074D60FEDA4A}.Release|x64.Build.0 = Release|x64
		{03789A91-8D76-4E63-A6B5-074D60FEDA4A}.Release|x86.ActiveCfg = Release|Win32
		{03789A91-8D76-4E63-A6B5-074D60FEDA4A}.Release|x86.Build.0 = Release|Win32
		{2C70F974-9AFB-4B70-8A90-56B55F4F11C0}.Debug|x64.ActiveCfg = Debug|x64
		{2C70F974-9AFB-4B70-8A90-56B55F4F11C0}.Debug|x64.Build.0 = Debug|x64
		{2C70F974-9AFB-4B70-8A90-56B55F4F11C0}.Debug|x86.ActiveCfg = Debug|Win32
		{2C70F974-9AFB-4B70-8A90-56B55F4F11C0}.Debug|x86.Build.0 = Debug|Win32
		{2C70F974-9AFB-4B70-8A90-56B55F4F11C0}.Release|x64.ActiveCfg = Release|x64
		{2C70F974-9AFB-4B70-8A90-56B55F4F11C0}.Release|x64.Build.0 = Release|x64
		{2C70F974-9AFB-4B70-8A90-56B55F4F11C0}.Release|x86.ActiveCfg = Release|Win32
		{2C70F974-9AFB-4B70-8A90-56B55F4F11C0}.Release|x86.Build.0 = Release|Win32
	EndGlobalSection
	GlobalSection(SolutionProperties) = preSolution
		HideSolutionNode = FALSE
	EndGlobalSection
	GlobalSection(ExtensibilityGlobals) = postSolution
		SolutionGuid = {78C681A6-6014-430B-8DB1-F8EAE73AF57E}
	EndGlobalSection
EndGlobal
