
Microsoft Visual Studio Solution File, Format Version 12.00
# Visual Studio Version 16
VisualStudioVersion = 16.0.30104.148
MinimumVisualStudioVersion = 10.0.40219.1
Project("{8BC9CEB8-8B4A-11D0-8D11-00A0C91BC942}") = "FindMaxEx", "FindMaxEx\FindMaxEx.vcxproj", "{66F196A9-7FE4-4402-936E-1D707DE8CD34}"
EndProject
Project("{8BC9CEB8-8B4A-11D0-8D11-00A0C91BC942}") = "FindMaxExTest", "FindMaxExTest\FindMaxExTest.vcxproj", "{F48B6F83-21C9-4777-A40B-1213AD09EF71}"
EndProject
Global
	GlobalSection(SolutionConfigurationPlatforms) = preSolution
		Debug|x64 = Debug|x64
		Debug|x86 = Debug|x86
		Release|x64 = Release|x64
		Release|x86 = Release|x86
	EndGlobalSection
	GlobalSection(ProjectConfigurationPlatforms) = postSolution
		{66F196A9-7FE4-4402-936E-1D707DE8CD34}.Debug|x64.ActiveCfg = Debug|x64
		{66F196A9-7FE4-4402-936E-1D707DE8CD34}.Debug|x64.Build.0 = Debug|x64
		{66F196A9-7FE4-4402-936E-1D707DE8CD34}.Debug|x86.ActiveCfg = Debug|Win32
		{66F196A9-7FE4-4402-936E-1D707DE8CD34}.Debug|x86.Build.0 = Debug|Win32
		{66F196A9-7FE4-4402-936E-1D707DE8CD34}.Release|x64.ActiveCfg = Release|x64
		{66F196A9-7FE4-4402-936E-1D707DE8CD34}.Release|x64.Build.0 = Release|x64
		{66F196A9-7FE4-4402-936E-1D707DE8CD34}.Release|x86.ActiveCfg = Release|Win32
		{66F196A9-7FE4-4402-936E-1D707DE8CD34}.Release|x86.Build.0 = Release|Win32
		{F48B6F83-21C9-4777-A40B-1213AD09EF71}.Debug|x64.ActiveCfg = Debug|x64
		{F48B6F83-21C9-4777-A40B-1213AD09EF71}.Debug|x64.Build.0 = Debug|x64
		{F48B6F83-21C9-4777-A40B-1213AD09EF71}.Debug|x86.ActiveCfg = Debug|Win32
		{F48B6F83-21C9-4777-A40B-1213AD09EF71}.Debug|x86.Build.0 = Debug|Win32
		{F48B6F83-21C9-4777-A40B-1213AD09EF71}.Release|x64.ActiveCfg = Release|x64
		{F48B6F83-21C9-4777-A40B-1213AD09EF71}.Release|x64.Build.0 = Release|x64
		{F48B6F83-21C9-4777-A40B-1213AD09EF71}.Release|x86.ActiveCfg = Release|Win32
		{F48B6F83-21C9-4777-A40B-1213AD09EF71}.Release|x86.Build.0 = Release|Win32
	EndGlobalSection
	GlobalSection(SolutionProperties) = preSolution
		HideSolutionNode = FALSE
	EndGlobalSection
	GlobalSection(ExtensibilityGlobals) = postSolution
		SolutionGuid = {9E1A3676-C029-4354-927E-FE2FE9DCDB46}
	EndGlobalSection
EndGlobal
