
Microsoft Visual Studio Solution File, Format Version 12.00
# Visual Studio Version 16
VisualStudioVersion = 16.0.30002.166
MinimumVisualStudioVersion = 10.0.40219.1
Project("{8BC9CEB8-8B4A-11D0-8D11-00A0C91BC942}") = "TVSet", "TVSet.vcxproj", "{363F2679-C060-4A6D-9C78-CA4C4419F4C0}"
EndProject
Project("{8BC9CEB8-8B4A-11D0-8D11-00A0C91BC942}") = "TVSetTest", "..\TVSetTest\TVSetTest.vcxproj", "{0FE5C186-7813-4968-A08A-C5F60D8A47BA}"
EndProject
Global
	GlobalSection(SolutionConfigurationPlatforms) = preSolution
		Debug|x64 = Debug|x64
		Debug|x86 = Debug|x86
		Release|x64 = Release|x64
		Release|x86 = Release|x86
	EndGlobalSection
	GlobalSection(ProjectConfigurationPlatforms) = postSolution
		{363F2679-C060-4A6D-9C78-CA4C4419F4C0}.Debug|x64.ActiveCfg = Debug|x64
		{363F2679-C060-4A6D-9C78-CA4C4419F4C0}.Debug|x64.Build.0 = Debug|x64
		{363F2679-C060-4A6D-9C78-CA4C4419F4C0}.Debug|x86.ActiveCfg = Debug|Win32
		{363F2679-C060-4A6D-9C78-CA4C4419F4C0}.Debug|x86.Build.0 = Debug|Win32
		{363F2679-C060-4A6D-9C78-CA4C4419F4C0}.Release|x64.ActiveCfg = Release|x64
		{363F2679-C060-4A6D-9C78-CA4C4419F4C0}.Release|x64.Build.0 = Release|x64
		{363F2679-C060-4A6D-9C78-CA4C4419F4C0}.Release|x86.ActiveCfg = Release|Win32
		{363F2679-C060-4A6D-9C78-CA4C4419F4C0}.Release|x86.Build.0 = Release|Win32
		{0FE5C186-7813-4968-A08A-C5F60D8A47BA}.Debug|x64.ActiveCfg = Debug|x64
		{0FE5C186-7813-4968-A08A-C5F60D8A47BA}.Debug|x64.Build.0 = Debug|x64
		{0FE5C186-7813-4968-A08A-C5F60D8A47BA}.Debug|x86.ActiveCfg = Debug|Win32
		{0FE5C186-7813-4968-A08A-C5F60D8A47BA}.Debug|x86.Build.0 = Debug|Win32
		{0FE5C186-7813-4968-A08A-C5F60D8A47BA}.Release|x64.ActiveCfg = Release|x64
		{0FE5C186-7813-4968-A08A-C5F60D8A47BA}.Release|x64.Build.0 = Release|x64
		{0FE5C186-7813-4968-A08A-C5F60D8A47BA}.Release|x86.ActiveCfg = Release|Win32
		{0FE5C186-7813-4968-A08A-C5F60D8A47BA}.Release|x86.Build.0 = Release|Win32
	EndGlobalSection
	GlobalSection(SolutionProperties) = preSolution
		HideSolutionNode = FALSE
	EndGlobalSection
	GlobalSection(ExtensibilityGlobals) = postSolution
		SolutionGuid = {A83D08A5-8704-470A-A0CD-F6D92F5539FA}
	EndGlobalSection
EndGlobal
