
Microsoft Visual Studio Solution File, Format Version 12.00
# Visual Studio Version 16
VisualStudioVersion = 16.0.29911.84
MinimumVisualStudioVersion = 10.0.40219.1
Project("{8BC9CEB8-8B4A-11D0-8D11-00A0C91BC942}") = "ParseURL", "ParseURL.vcxproj", "{B4372019-9875-41EC-BB2C-0DAD8F707427}"
EndProject
Project("{8BC9CEB8-8B4A-11D0-8D11-00A0C91BC942}") = "ParseURLTest", "..\ParseURLTest\ParseURLTest.vcxproj", "{CEE32E3E-9433-4272-AFA0-C738CCC72E00}"
EndProject
Global
	GlobalSection(SolutionConfigurationPlatforms) = preSolution
		Debug|x64 = Debug|x64
		Debug|x86 = Debug|x86
		Release|x64 = Release|x64
		Release|x86 = Release|x86
	EndGlobalSection
	GlobalSection(ProjectConfigurationPlatforms) = postSolution
		{B4372019-9875-41EC-BB2C-0DAD8F707427}.Debug|x64.ActiveCfg = Debug|x64
		{B4372019-9875-41EC-BB2C-0DAD8F707427}.Debug|x64.Build.0 = Debug|x64
		{B4372019-9875-41EC-BB2C-0DAD8F707427}.Debug|x86.ActiveCfg = Debug|Win32
		{B4372019-9875-41EC-BB2C-0DAD8F707427}.Debug|x86.Build.0 = Debug|Win32
		{B4372019-9875-41EC-BB2C-0DAD8F707427}.Release|x64.ActiveCfg = Release|x64
		{B4372019-9875-41EC-BB2C-0DAD8F707427}.Release|x64.Build.0 = Release|x64
		{B4372019-9875-41EC-BB2C-0DAD8F707427}.Release|x86.ActiveCfg = Release|Win32
		{B4372019-9875-41EC-BB2C-0DAD8F707427}.Release|x86.Build.0 = Release|Win32
		{CEE32E3E-9433-4272-AFA0-C738CCC72E00}.Debug|x64.ActiveCfg = Debug|x64
		{CEE32E3E-9433-4272-AFA0-C738CCC72E00}.Debug|x64.Build.0 = Debug|x64
		{CEE32E3E-9433-4272-AFA0-C738CCC72E00}.Debug|x86.ActiveCfg = Debug|Win32
		{CEE32E3E-9433-4272-AFA0-C738CCC72E00}.Debug|x86.Build.0 = Debug|Win32
		{CEE32E3E-9433-4272-AFA0-C738CCC72E00}.Release|x64.ActiveCfg = Release|x64
		{CEE32E3E-9433-4272-AFA0-C738CCC72E00}.Release|x64.Build.0 = Release|x64
		{CEE32E3E-9433-4272-AFA0-C738CCC72E00}.Release|x86.ActiveCfg = Release|Win32
		{CEE32E3E-9433-4272-AFA0-C738CCC72E00}.Release|x86.Build.0 = Release|Win32
	EndGlobalSection
	GlobalSection(SolutionProperties) = preSolution
		HideSolutionNode = FALSE
	EndGlobalSection
	GlobalSection(ExtensibilityGlobals) = postSolution
		SolutionGuid = {A8181A32-6EF1-4369-A9EC-FD4F5D86EA08}
	EndGlobalSection
EndGlobal
