
Microsoft Visual Studio Solution File, Format Version 12.00
# Visual Studio Version 16
VisualStudioVersion = 16.0.29806.167
MinimumVisualStudioVersion = 10.0.40219.1
Project("{8BC9CEB8-8B4A-11D0-8D11-00A0C91BC942}") = "rle", "rle\rle.vcxproj", "{B4F81F6D-3A8C-425B-87D6-5748E0B3ADC7}"
EndProject
Global
	GlobalSection(SolutionConfigurationPlatforms) = preSolution
		Debug|x64 = Debug|x64
		Debug|x86 = Debug|x86
		Release|x64 = Release|x64
		Release|x86 = Release|x86
	EndGlobalSection
	GlobalSection(ProjectConfigurationPlatforms) = postSolution
		{B4F81F6D-3A8C-425B-87D6-5748E0B3ADC7}.Debug|x64.ActiveCfg = Debug|x64
		{B4F81F6D-3A8C-425B-87D6-5748E0B3ADC7}.Debug|x64.Build.0 = Debug|x64
		{B4F81F6D-3A8C-425B-87D6-5748E0B3ADC7}.Debug|x86.ActiveCfg = Debug|Win32
		{B4F81F6D-3A8C-425B-87D6-5748E0B3ADC7}.Debug|x86.Build.0 = Debug|Win32
		{B4F81F6D-3A8C-425B-87D6-5748E0B3ADC7}.Release|x64.ActiveCfg = Release|x64
		{B4F81F6D-3A8C-425B-87D6-5748E0B3ADC7}.Release|x64.Build.0 = Release|x64
		{B4F81F6D-3A8C-425B-87D6-5748E0B3ADC7}.Release|x86.ActiveCfg = Release|Win32
		{B4F81F6D-3A8C-425B-87D6-5748E0B3ADC7}.Release|x86.Build.0 = Release|Win32
	EndGlobalSection
	GlobalSection(SolutionProperties) = preSolution
		HideSolutionNode = FALSE
	EndGlobalSection
	GlobalSection(ExtensibilityGlobals) = postSolution
		SolutionGuid = {422CC9FE-493C-40F4-BFB8-ACEE8C822793}
	EndGlobalSection
EndGlobal
