
Microsoft Visual Studio Solution File, Format Version 12.00
# Visual Studio Version 16
VisualStudioVersion = 16.0.30104.148
MinimumVisualStudioVersion = 10.0.40219.1
Project("{8BC9CEB8-8B4A-11D0-8D11-00A0C91BC942}") = "People", "People\People.vcxproj", "{AF90CA89-8CF7-4561-B6DA-651AD94EB9B4}"
EndProject
Project("{8BC9CEB8-8B4A-11D0-8D11-00A0C91BC942}") = "PeopleTest", "PeopleTest\PeopleTest.vcxproj", "{605B9F60-5855-4A69-A993-DF7D1A2061DD}"
EndProject
Global
	GlobalSection(SolutionConfigurationPlatforms) = preSolution
		Debug|x64 = Debug|x64
		Debug|x86 = Debug|x86
		Release|x64 = Release|x64
		Release|x86 = Release|x86
	EndGlobalSection
	GlobalSection(ProjectConfigurationPlatforms) = postSolution
		{AF90CA89-8CF7-4561-B6DA-651AD94EB9B4}.Debug|x64.ActiveCfg = Debug|x64
		{AF90CA89-8CF7-4561-B6DA-651AD94EB9B4}.Debug|x64.Build.0 = Debug|x64
		{AF90CA89-8CF7-4561-B6DA-651AD94EB9B4}.Debug|x86.ActiveCfg = Debug|Win32
		{AF90CA89-8CF7-4561-B6DA-651AD94EB9B4}.Debug|x86.Build.0 = Debug|Win32
		{AF90CA89-8CF7-4561-B6DA-651AD94EB9B4}.Release|x64.ActiveCfg = Release|x64
		{AF90CA89-8CF7-4561-B6DA-651AD94EB9B4}.Release|x64.Build.0 = Release|x64
		{AF90CA89-8CF7-4561-B6DA-651AD94EB9B4}.Release|x86.ActiveCfg = Release|Win32
		{AF90CA89-8CF7-4561-B6DA-651AD94EB9B4}.Release|x86.Build.0 = Release|Win32
		{605B9F60-5855-4A69-A993-DF7D1A2061DD}.Debug|x64.ActiveCfg = Debug|x64
		{605B9F60-5855-4A69-A993-DF7D1A2061DD}.Debug|x64.Build.0 = Debug|x64
		{605B9F60-5855-4A69-A993-DF7D1A2061DD}.Debug|x86.ActiveCfg = Debug|Win32
		{605B9F60-5855-4A69-A993-DF7D1A2061DD}.Debug|x86.Build.0 = Debug|Win32
		{605B9F60-5855-4A69-A993-DF7D1A2061DD}.Release|x64.ActiveCfg = Release|x64
		{605B9F60-5855-4A69-A993-DF7D1A2061DD}.Release|x64.Build.0 = Release|x64
		{605B9F60-5855-4A69-A993-DF7D1A2061DD}.Release|x86.ActiveCfg = Release|Win32
		{605B9F60-5855-4A69-A993-DF7D1A2061DD}.Release|x86.Build.0 = Release|Win32
	EndGlobalSection
	GlobalSection(SolutionProperties) = preSolution
		HideSolutionNode = FALSE
	EndGlobalSection
	GlobalSection(ExtensibilityGlobals) = postSolution
		SolutionGuid = {223128C9-DF34-4002-9435-0AD7064874B3}
	EndGlobalSection
EndGlobal
